
Microsoft Visual Studio Solution File, Format Version 12.00
# Visual Studio Version 17
VisualStudioVersion = 17.0.31919.166
MinimumVisualStudioVersion = 10.0.40219.1
Project("{FAE04EC0-301F-11D3-BF4B-00C04F79EFBC}") = "GNSS_Project", "GNSS_Project.csproj", "{9011CFF5-A5C8-4309-9DB4-6F9AA73B55EF}"
EndProject
Global
	GlobalSection(SolutionConfigurationPlatforms) = preSolution
		Debug|Any CPU = Debug|Any CPU
		Release|Any CPU = Release|Any CPU
	EndGlobalSection
	GlobalSection(ProjectConfigurationPlatforms) = postSolution
		{9011CFF5-A5C8-4309-9DB4-6F9AA73B55EF}.Debug|Any CPU.ActiveCfg = Debug|Any CPU
		{9011CFF5-A5C8-4309-9DB4-6F9AA73B55EF}.Debug|Any CPU.Build.0 = Debug|Any CPU
		{9011CFF5-A5C8-4309-9DB4-6F9AA73B55EF}.Release|Any CPU.ActiveCfg = Release|Any CPU
		{9011CFF5-A5C8-4309-9DB4-6F9AA73B55EF}.Release|Any CPU.Build.0 = Release|Any CPU
	EndGlobalSection
	GlobalSection(SolutionProperties) = preSolution
		HideSolutionNode = FALSE
	EndGlobalSection
	GlobalSection(ExtensibilityGlobals) = postSolution
		SolutionGuid = {712A25A5-5A7E-49E3-B981-8A26F041C7B9}
	EndGlobalSection
EndGlobal
